
Microsoft Visual Studio Solution File, Format Version 12.00
Project("{FAE04EC0-301F-11D3-BF4B-00C04F79EFBC}") = "SCP079SoC", "SCP079SoC\SCP079SoC.csproj", "{B0BF7D17-336F-408D-9BE9-904A7F6EDAB7}"
EndProject
Global
	GlobalSection(SolutionConfigurationPlatforms) = preSolution
		Debug|Any CPU = Debug|Any CPU
		Release|Any CPU = Release|Any CPU
	EndGlobalSection
	GlobalSection(ProjectConfigurationPlatforms) = postSolution
		{B0BF7D17-336F-408D-9BE9-904A7F6EDAB7}.Debug|Any CPU.ActiveCfg = Debug|Any CPU
		{B0BF7D17-336F-408D-9BE9-904A7F6EDAB7}.Debug|Any CPU.Build.0 = Debug|Any CPU
		{B0BF7D17-336F-408D-9BE9-904A7F6EDAB7}.Release|Any CPU.ActiveCfg = Release|Any CPU
		{B0BF7D17-336F-408D-9BE9-904A7F6EDAB7}.Release|Any CPU.Build.0 = Release|Any CPU
	EndGlobalSection
EndGlobal
